
Microsoft Visual Studio Solution File, Format Version 12.00
# Visual Studio Version 17
VisualStudioVersion = 17.4.33403.182
MinimumVisualStudioVersion = 10.0.40219.1
Project("{9A19103F-16F7-4668-BE54-9A1E7A4F7556}") = "NS.STMS.CORE", "NS.STMS.CORE\NS.STMS.CORE.csproj", "{AC70EFF2-D161-419C-9C6B-19FFDC594241}"
EndProject
Project("{9A19103F-16F7-4668-BE54-9A1E7A4F7556}") = "NS.STMS.MVC", "NS.STMS.MVC\NS.STMS.MVC.csproj", "{59D1A388-BF0B-470E-B95B-9609C93C8F09}"
EndProject
Project("{FAE04EC0-301F-11D3-BF4B-00C04F79EFBC}") = "NS.STMS.Caching", "NS.STMS.Caching\NS.STMS.Caching.csproj", "{CBF5A507-9035-4058-8265-FD59CFCF7326}"
EndProject
Global
	GlobalSection(SolutionConfigurationPlatforms) = preSolution
		Debug|Any CPU = Debug|Any CPU
		Release|Any CPU = Release|Any CPU
	EndGlobalSection
	GlobalSection(ProjectConfigurationPlatforms) = postSolution
		{AC70EFF2-D161-419C-9C6B-19FFDC594241}.Debug|Any CPU.ActiveCfg = Debug|Any CPU
		{AC70EFF2-D161-419C-9C6B-19FFDC594241}.Debug|Any CPU.Build.0 = Debug|Any CPU
		{AC70EFF2-D161-419C-9C6B-19FFDC594241}.Release|Any CPU.ActiveCfg = Release|Any CPU
		{AC70EFF2-D161-419C-9C6B-19FFDC594241}.Release|Any CPU.Build.0 = Release|Any CPU
		{59D1A388-BF0B-470E-B95B-9609C93C8F09}.Debug|Any CPU.ActiveCfg = Debug|Any CPU
		{59D1A388-BF0B-470E-B95B-9609C93C8F09}.Debug|Any CPU.Build.0 = Debug|Any CPU
		{59D1A388-BF0B-470E-B95B-9609C93C8F09}.Release|Any CPU.ActiveCfg = Release|Any CPU
		{59D1A388-BF0B-470E-B95B-9609C93C8F09}.Release|Any CPU.Build.0 = Release|Any CPU
		{CBF5A507-9035-4058-8265-FD59CFCF7326}.Debug|Any CPU.ActiveCfg = Debug|Any CPU
		{CBF5A507-9035-4058-8265-FD59CFCF7326}.Debug|Any CPU.Build.0 = Debug|Any CPU
		{CBF5A507-9035-4058-8265-FD59CFCF7326}.Release|Any CPU.ActiveCfg = Release|Any CPU
		{CBF5A507-9035-4058-8265-FD59CFCF7326}.Release|Any CPU.Build.0 = Release|Any CPU
	EndGlobalSection
	GlobalSection(SolutionProperties) = preSolution
		HideSolutionNode = FALSE
	EndGlobalSection
	GlobalSection(ExtensibilityGlobals) = postSolution
		SolutionGuid = {2F03CA0D-C5B8-4DF4-8960-E82EABCDA527}
	EndGlobalSection
EndGlobal
